
Microsoft Visual Studio Solution File, Format Version 12.00
# Visual Studio Version 17
VisualStudioVersion = 17.0.31903.59
MinimumVisualStudioVersion = 10.0.40219.1
Project("{2150E333-8FDC-42A3-9474-1A3956D46DE8}") = "Server", "Server", "{077CF371-2111-4439-A71F-2AECED45A1C1}"
EndProject
Project("{FAE04EC0-301F-11D3-BF4B-00C04F79EFBC}") = "ServerAPI", "Server\API\ServerAPI.csproj", "{9AC77ED3-6489-4CA2-9194-A27B5F4D1589}"
EndProject
Project("{2150E333-8FDC-42A3-9474-1A3956D46DE8}") = "Clients", "Clients", "{B7DCE1F2-27B0-44B9-B518-E62EE89CA634}"
EndProject
Project("{FAE04EC0-301F-11D3-BF4B-00C04F79EFBC}") = "ConsoleClient", "Clients\ConsoleClient\ConsoleClient.csproj", "{A1D7351F-D1EF-4751-895B-F412854515B6}"
EndProject
Project("{2150E333-8FDC-42A3-9474-1A3956D46DE8}") = "Common", "Common", "{5EE306CA-929F-485A-9C52-6FEC27E743F7}"
EndProject
Project("{FAE04EC0-301F-11D3-BF4B-00C04F79EFBC}") = "Common.Models", "Common\Models\Common.Models.csproj", "{D624805C-B97A-4CEF-B2C8-8CA028F2BF8F}"
EndProject
Project("{FAE04EC0-301F-11D3-BF4B-00C04F79EFBC}") = "Server.Security", "Server\Security\Server.Security.csproj", "{63A1218C-45D1-4B3E-9DE3-91E51EB6F262}"
EndProject
Project("{FAE04EC0-301F-11D3-BF4B-00C04F79EFBC}") = "Server.Data", "Server\Data\Server.Data.csproj", "{6FC90BAC-73C8-4AB9-8359-6C96B86998E7}"
EndProject
Project("{FAE04EC0-301F-11D3-BF4B-00C04F79EFBC}") = "Server.Socket", "Server\Socket\Server.Socket.csproj", "{17B224A1-A89D-4D19-BA7E-DEAAC75DB1C7}"
EndProject
Project("{FAE04EC0-301F-11D3-BF4B-00C04F79EFBC}") = "Server.Models", "Server\Models\Server.Models.csproj", "{95BA04F4-A47A-474A-AD3C-20F0A6AE7853}"
EndProject
Global
	GlobalSection(SolutionConfigurationPlatforms) = preSolution
		Debug|Any CPU = Debug|Any CPU
		Release|Any CPU = Release|Any CPU
	EndGlobalSection
	GlobalSection(SolutionProperties) = preSolution
		HideSolutionNode = FALSE
	EndGlobalSection
	GlobalSection(ProjectConfigurationPlatforms) = postSolution
		{9AC77ED3-6489-4CA2-9194-A27B5F4D1589}.Debug|Any CPU.ActiveCfg = Debug|Any CPU
		{9AC77ED3-6489-4CA2-9194-A27B5F4D1589}.Debug|Any CPU.Build.0 = Debug|Any CPU
		{9AC77ED3-6489-4CA2-9194-A27B5F4D1589}.Release|Any CPU.ActiveCfg = Release|Any CPU
		{9AC77ED3-6489-4CA2-9194-A27B5F4D1589}.Release|Any CPU.Build.0 = Release|Any CPU
		{A1D7351F-D1EF-4751-895B-F412854515B6}.Debug|Any CPU.ActiveCfg = Debug|Any CPU
		{A1D7351F-D1EF-4751-895B-F412854515B6}.Debug|Any CPU.Build.0 = Debug|Any CPU
		{A1D7351F-D1EF-4751-895B-F412854515B6}.Release|Any CPU.ActiveCfg = Release|Any CPU
		{A1D7351F-D1EF-4751-895B-F412854515B6}.Release|Any CPU.Build.0 = Release|Any CPU
		{D624805C-B97A-4CEF-B2C8-8CA028F2BF8F}.Debug|Any CPU.ActiveCfg = Debug|Any CPU
		{D624805C-B97A-4CEF-B2C8-8CA028F2BF8F}.Debug|Any CPU.Build.0 = Debug|Any CPU
		{D624805C-B97A-4CEF-B2C8-8CA028F2BF8F}.Release|Any CPU.ActiveCfg = Release|Any CPU
		{D624805C-B97A-4CEF-B2C8-8CA028F2BF8F}.Release|Any CPU.Build.0 = Release|Any CPU
		{63A1218C-45D1-4B3E-9DE3-91E51EB6F262}.Debug|Any CPU.ActiveCfg = Debug|Any CPU
		{63A1218C-45D1-4B3E-9DE3-91E51EB6F262}.Debug|Any CPU.Build.0 = Debug|Any CPU
		{63A1218C-45D1-4B3E-9DE3-91E51EB6F262}.Release|Any CPU.ActiveCfg = Release|Any CPU
		{63A1218C-45D1-4B3E-9DE3-91E51EB6F262}.Release|Any CPU.Build.0 = Release|Any CPU
		{6FC90BAC-73C8-4AB9-8359-6C96B86998E7}.Debug|Any CPU.ActiveCfg = Debug|Any CPU
		{6FC90BAC-73C8-4AB9-8359-6C96B86998E7}.Debug|Any CPU.Build.0 = Debug|Any CPU
		{6FC90BAC-73C8-4AB9-8359-6C96B86998E7}.Release|Any CPU.ActiveCfg = Release|Any CPU
		{6FC90BAC-73C8-4AB9-8359-6C96B86998E7}.Release|Any CPU.Build.0 = Release|Any CPU
		{17B224A1-A89D-4D19-BA7E-DEAAC75DB1C7}.Debug|Any CPU.ActiveCfg = Debug|Any CPU
		{17B224A1-A89D-4D19-BA7E-DEAAC75DB1C7}.Debug|Any CPU.Build.0 = Debug|Any CPU
		{17B224A1-A89D-4D19-BA7E-DEAAC75DB1C7}.Release|Any CPU.ActiveCfg = Release|Any CPU
		{17B224A1-A89D-4D19-BA7E-DEAAC75DB1C7}.Release|Any CPU.Build.0 = Release|Any CPU
		{95BA04F4-A47A-474A-AD3C-20F0A6AE7853}.Debug|Any CPU.ActiveCfg = Debug|Any CPU
		{95BA04F4-A47A-474A-AD3C-20F0A6AE7853}.Debug|Any CPU.Build.0 = Debug|Any CPU
		{95BA04F4-A47A-474A-AD3C-20F0A6AE7853}.Release|Any CPU.ActiveCfg = Release|Any CPU
		{95BA04F4-A47A-474A-AD3C-20F0A6AE7853}.Release|Any CPU.Build.0 = Release|Any CPU
	EndGlobalSection
	GlobalSection(NestedProjects) = preSolution
		{9AC77ED3-6489-4CA2-9194-A27B5F4D1589} = {077CF371-2111-4439-A71F-2AECED45A1C1}
		{A1D7351F-D1EF-4751-895B-F412854515B6} = {B7DCE1F2-27B0-44B9-B518-E62EE89CA634}
		{D624805C-B97A-4CEF-B2C8-8CA028F2BF8F} = {5EE306CA-929F-485A-9C52-6FEC27E743F7}
		{63A1218C-45D1-4B3E-9DE3-91E51EB6F262} = {077CF371-2111-4439-A71F-2AECED45A1C1}
		{6FC90BAC-73C8-4AB9-8359-6C96B86998E7} = {077CF371-2111-4439-A71F-2AECED45A1C1}
		{17B224A1-A89D-4D19-BA7E-DEAAC75DB1C7} = {077CF371-2111-4439-A71F-2AECED45A1C1}
		{95BA04F4-A47A-474A-AD3C-20F0A6AE7853} = {077CF371-2111-4439-A71F-2AECED45A1C1}
	EndGlobalSection
EndGlobal
